
Microsoft Visual Studio Solution File, Format Version 12.00
# Visual Studio 15
VisualStudioVersion = 15.0.26124.0
MinimumVisualStudioVersion = 15.0.26124.0
Project("{FAE04EC0-301F-11D3-BF4B-00C04F79EFBC}") = "Domain", "Domain\Domain.csproj", "{906C87DC-1E2D-4FAD-A498-E7D32E69F628}"
EndProject
Project("{FAE04EC0-301F-11D3-BF4B-00C04F79EFBC}") = "Application", "Application\Application.csproj", "{84EA5D4C-FA96-4AB7-B8B5-7654871F1160}"
EndProject
Project("{FAE04EC0-301F-11D3-BF4B-00C04F79EFBC}") = "Persistence", "Persistence\Persistence.csproj", "{F26A92A8-7C69-4246-8C51-EF6F23B87119}"
EndProject
Project("{FAE04EC0-301F-11D3-BF4B-00C04F79EFBC}") = "API", "API\API.csproj", "{28C7C8EF-7679-4468-B992-902D08369BA6}"
EndProject
Global
	GlobalSection(SolutionConfigurationPlatforms) = preSolution
		Debug|Any CPU = Debug|Any CPU
		Debug|x64 = Debug|x64
		Debug|x86 = Debug|x86
		Release|Any CPU = Release|Any CPU
		Release|x64 = Release|x64
		Release|x86 = Release|x86
	EndGlobalSection
	GlobalSection(SolutionProperties) = preSolution
		HideSolutionNode = FALSE
	EndGlobalSection
	GlobalSection(ProjectConfigurationPlatforms) = postSolution
		{906C87DC-1E2D-4FAD-A498-E7D32E69F628}.Debug|Any CPU.ActiveCfg = Debug|Any CPU
		{906C87DC-1E2D-4FAD-A498-E7D32E69F628}.Debug|Any CPU.Build.0 = Debug|Any CPU
		{906C87DC-1E2D-4FAD-A498-E7D32E69F628}.Debug|x64.ActiveCfg = Debug|Any CPU
		{906C87DC-1E2D-4FAD-A498-E7D32E69F628}.Debug|x64.Build.0 = Debug|Any CPU
		{906C87DC-1E2D-4FAD-A498-E7D32E69F628}.Debug|x86.ActiveCfg = Debug|Any CPU
		{906C87DC-1E2D-4FAD-A498-E7D32E69F628}.Debug|x86.Build.0 = Debug|Any CPU
		{906C87DC-1E2D-4FAD-A498-E7D32E69F628}.Release|Any CPU.ActiveCfg = Release|Any CPU
		{906C87DC-1E2D-4FAD-A498-E7D32E69F628}.Release|Any CPU.Build.0 = Release|Any CPU
		{906C87DC-1E2D-4FAD-A498-E7D32E69F628}.Release|x64.ActiveCfg = Release|Any CPU
		{906C87DC-1E2D-4FAD-A498-E7D32E69F628}.Release|x64.Build.0 = Release|Any CPU
		{906C87DC-1E2D-4FAD-A498-E7D32E69F628}.Release|x86.ActiveCfg = Release|Any CPU
		{906C87DC-1E2D-4FAD-A498-E7D32E69F628}.Release|x86.Build.0 = Release|Any CPU
		{84EA5D4C-FA96-4AB7-B8B5-7654871F1160}.Debug|Any CPU.ActiveCfg = Debug|Any CPU
		{84EA5D4C-FA96-4AB7-B8B5-7654871F1160}.Debug|Any CPU.Build.0 = Debug|Any CPU
		{84EA5D4C-FA96-4AB7-B8B5-7654871F1160}.Debug|x64.ActiveCfg = Debug|Any CPU
		{84EA5D4C-FA96-4AB7-B8B5-7654871F1160}.Debug|x64.Build.0 = Debug|Any CPU
		{84EA5D4C-FA96-4AB7-B8B5-7654871F1160}.Debug|x86.ActiveCfg = Debug|Any CPU
		{84EA5D4C-FA96-4AB7-B8B5-7654871F1160}.Debug|x86.Build.0 = Debug|Any CPU
		{84EA5D4C-FA96-4AB7-B8B5-7654871F1160}.Release|Any CPU.ActiveCfg = Release|Any CPU
		{84EA5D4C-FA96-4AB7-B8B5-7654871F1160}.Release|Any CPU.Build.0 = Release|Any CPU
		{84EA5D4C-FA96-4AB7-B8B5-7654871F1160}.Release|x64.ActiveCfg = Release|Any CPU
		{84EA5D4C-FA96-4AB7-B8B5-7654871F1160}.Release|x64.Build.0 = Release|Any CPU
		{84EA5D4C-FA96-4AB7-B8B5-7654871F1160}.Release|x86.ActiveCfg = Release|Any CPU
		{84EA5D4C-FA96-4AB7-B8B5-7654871F1160}.Release|x86.Build.0 = Release|Any CPU
		{F26A92A8-7C69-4246-8C51-EF6F23B87119}.Debug|Any CPU.ActiveCfg = Debug|Any CPU
		{F26A92A8-7C69-4246-8C51-EF6F23B87119}.Debug|Any CPU.Build.0 = Debug|Any CPU
		{F26A92A8-7C69-4246-8C51-EF6F23B87119}.Debug|x64.ActiveCfg = Debug|Any CPU
		{F26A92A8-7C69-4246-8C51-EF6F23B87119}.Debug|x64.Build.0 = Debug|Any CPU
		{F26A92A8-7C69-4246-8C51-EF6F23B87119}.Debug|x86.ActiveCfg = Debug|Any CPU
		{F26A92A8-7C69-4246-8C51-EF6F23B87119}.Debug|x86.Build.0 = Debug|Any CPU
		{F26A92A8-7C69-4246-8C51-EF6F23B87119}.Release|Any CPU.ActiveCfg = Release|Any CPU
		{F26A92A8-7C69-4246-8C51-EF6F23B87119}.Release|Any CPU.Build.0 = Release|Any CPU
		{F26A92A8-7C69-4246-8C51-EF6F23B87119}.Release|x64.ActiveCfg = Release|Any CPU
		{F26A92A8-7C69-4246-8C51-EF6F23B87119}.Release|x64.Build.0 = Release|Any CPU
		{F26A92A8-7C69-4246-8C51-EF6F23B87119}.Release|x86.ActiveCfg = Release|Any CPU
		{F26A92A8-7C69-4246-8C51-EF6F23B87119}.Release|x86.Build.0 = Release|Any CPU
		{28C7C8EF-7679-4468-B992-902D08369BA6}.Debug|Any CPU.ActiveCfg = Debug|Any CPU
		{28C7C8EF-7679-4468-B992-902D08369BA6}.Debug|Any CPU.Build.0 = Debug|Any CPU
		{28C7C8EF-7679-4468-B992-902D08369BA6}.Debug|x64.ActiveCfg = Debug|Any CPU
		{28C7C8EF-7679-4468-B992-902D08369BA6}.Debug|x64.Build.0 = Debug|Any CPU
		{28C7C8EF-7679-4468-B992-902D08369BA6}.Debug|x86.ActiveCfg = Debug|Any CPU
		{28C7C8EF-7679-4468-B992-902D08369BA6}.Debug|x86.Build.0 = Debug|Any CPU
		{28C7C8EF-7679-4468-B992-902D08369BA6}.Release|Any CPU.ActiveCfg = Release|Any CPU
		{28C7C8EF-7679-4468-B992-902D08369BA6}.Release|Any CPU.Build.0 = Release|Any CPU
		{28C7C8EF-7679-4468-B992-902D08369BA6}.Release|x64.ActiveCfg = Release|Any CPU
		{28C7C8EF-7679-4468-B992-902D08369BA6}.Release|x64.Build.0 = Release|Any CPU
		{28C7C8EF-7679-4468-B992-902D08369BA6}.Release|x86.ActiveCfg = Release|Any CPU
		{28C7C8EF-7679-4468-B992-902D08369BA6}.Release|x86.Build.0 = Release|Any CPU
	EndGlobalSection
EndGlobal
